
Microsoft Visual Studio Solution File, Format Version 12.00
# Visual Studio Version 17
VisualStudioVersion = 17.3.32929.385
MinimumVisualStudioVersion = 10.0.40219.1
Project("{888888A0-9F3D-457C-B088-3A5042F75D52}") = "Slot machine", "Slot machine\Slot machine.pyproj", "{63D117D4-7915-45FA-BF45-FCEC54C31EB0}"
EndProject
Global
	GlobalSection(SolutionConfigurationPlatforms) = preSolution
		Debug|Any CPU = Debug|Any CPU
		Release|Any CPU = Release|Any CPU
	EndGlobalSection
	GlobalSection(ProjectConfigurationPlatforms) = postSolution
		{63D117D4-7915-45FA-BF45-FCEC54C31EB0}.Debug|Any CPU.ActiveCfg = Debug|Any CPU
		{63D117D4-7915-45FA-BF45-FCEC54C31EB0}.Release|Any CPU.ActiveCfg = Release|Any CPU
	EndGlobalSection
	GlobalSection(SolutionProperties) = preSolution
		HideSolutionNode = FALSE
	EndGlobalSection
	GlobalSection(ExtensibilityGlobals) = postSolution
		SolutionGuid = {761D9809-9774-4925-BFF6-B5AEC84D53C1}
	EndGlobalSection
EndGlobal
